// !$*UTF8*$!
{
	archiveVersion = 1;
	classes = {
	};
	objectVersion = 46;
	objects = {

/* Begin PBXBuildFile section */
		7F1373851DA79F2800757535 /* HUDView.m in Sources */ = {isa = PBXBuildFile; fileRef = 7F1373841DA79F2800757535 /* HUDView.m */; };
		7F2E1FC21DACE6F80017BDDF /* LineAdapter.framework in Frameworks */ = {isa = PBXBuildFile; fileRef = 7F2E1FC01DACE6F80017BDDF /* LineAdapter.framework */; };
		7F2E1FC31DACE6F80017BDDF /* LineAdapterUI.bundle in Resources */ = {isa = PBXBuildFile; fileRef = 7F2E1FC11DACE6F80017BDDF /* LineAdapterUI.bundle */; };
		7FB4EB0A1DA50C2B006FE178 /* main.m in Sources */ = {isa = PBXBuildFile; fileRef = 7FB4EB091DA50C2B006FE178 /* main.m */; };
		7FB4EB101DA50C2B006FE178 /* LoginController.m in Sources */ = {isa = PBXBuildFile; fileRef = 7FB4EB0F1DA50C2B006FE178 /* LoginController.m */; };
		7FB4EB131DA50C2B006FE178 /* Main.storyboard in Resources */ = {isa = PBXBuildFile; fileRef = 7FB4EB111DA50C2B006FE178 /* Main.storyboard */; };
		7FB4EB151DA50C2B006FE178 /* Assets.xcassets in Resources */ = {isa = PBXBuildFile; fileRef = 7FB4EB141DA50C2B006FE178 /* Assets.xcassets */; };
		7FB4EB181DA50C2B006FE178 /* LaunchScreen.storyboard in Resources */ = {isa = PBXBuildFile; fileRef = 7FB4EB161DA50C2B006FE178 /* LaunchScreen.storyboard */; };
		7FB4EB2B1DA50E78006FE178 /* CoreTelephony.framework in Frameworks */ = {isa = PBXBuildFile; fileRef = 7FB4EB2A1DA50E78006FE178 /* CoreTelephony.framework */; };
		7FB4EB2D1DA50E80006FE178 /* CoreGraphics.framework in Frameworks */ = {isa = PBXBuildFile; fileRef = 7FB4EB2C1DA50E80006FE178 /* CoreGraphics.framework */; };
		7FB4EB2F1DA50E8B006FE178 /* CoreText.framework in Frameworks */ = {isa = PBXBuildFile; fileRef = 7FB4EB2E1DA50E8B006FE178 /* CoreText.framework */; };
		7FB4EB311DA50E92006FE178 /* Security.framework in Frameworks */ = {isa = PBXBuildFile; fileRef = 7FB4EB301DA50E92006FE178 /* Security.framework */; };
		7FB4EB361DA5E82A006FE178 /* LineAuthManager.m in Sources */ = {isa = PBXBuildFile; fileRef = 7FB4EB351DA5E82A006FE178 /* LineAuthManager.m */; };
		7FB4EB371DA6304A006FE178 /* LineAdapter.plist in Resources */ = {isa = PBXBuildFile; fileRef = 7FB4EB321DA50FA2006FE178 /* LineAdapter.plist */; };
		7FB4EB3B1DA63375006FE178 /* AppDelegate.m in Sources */ = {isa = PBXBuildFile; fileRef = 7FB4EB0C1DA50C2B006FE178 /* AppDelegate.m */; };
		7FB4EB3C1DA63390006FE178 /* GoogleService-Info.plist in Resources */ = {isa = PBXBuildFile; fileRef = 7FB4EB1F1DA50D1B006FE178 /* GoogleService-Info.plist */; };
		CF06DB0FF96BA85947654D53 /* libPods-LINELoginDemo.a in Frameworks */ = {isa = PBXBuildFile; fileRef = 03B2DB32486DA3B98C85234E /* libPods-LINELoginDemo.a */; };
/* End PBXBuildFile section */

/* Begin PBXFileReference section */
		03B2DB32486DA3B98C85234E /* libPods-LINELoginDemo.a */ = {isa = PBXFileReference; explicitFileType = archive.ar; includeInIndex = 0; path = "libPods-LINELoginDemo.a"; sourceTree = BUILT_PRODUCTS_DIR; };
		1BECA307BF281B64C25354A0 /* Pods-LINELoginDemo.release.xcconfig */ = {isa = PBXFileReference; includeInIndex = 1; lastKnownFileType = text.xcconfig; name = "Pods-LINELoginDemo.release.xcconfig"; path = "Pods/Target Support Files/Pods-LINELoginDemo/Pods-LINELoginDemo.release.xcconfig"; sourceTree = "<group>"; };
		47FE9708EF09B75A4E688C81 /* Pods-LINELoginDemo.debug.xcconfig */ = {isa = PBXFileReference; includeInIndex = 1; lastKnownFileType = text.xcconfig; name = "Pods-LINELoginDemo.debug.xcconfig"; path = "Pods/Target Support Files/Pods-LINELoginDemo/Pods-LINELoginDemo.debug.xcconfig"; sourceTree = "<group>"; };
		7F1373831DA79F2800757535 /* HUDView.h */ = {isa = PBXFileReference; fileEncoding = 4; lastKnownFileType = sourcecode.c.h; path = HUDView.h; sourceTree = "<group>"; };
		7F1373841DA79F2800757535 /* HUDView.m */ = {isa = PBXFileReference; fileEncoding = 4; lastKnownFileType = sourcecode.c.objc; path = HUDView.m; sourceTree = "<group>"; };
		7F2E1FC01DACE6F80017BDDF /* LineAdapter.framework */ = {isa = PBXFileReference; lastKnownFileType = wrapper.framework; path = LineAdapter.framework; sourceTree = "<group>"; };
		7F2E1FC11DACE6F80017BDDF /* LineAdapterUI.bundle */ = {isa = PBXFileReference; lastKnownFileType = "wrapper.plug-in"; path = LineAdapterUI.bundle; sourceTree = "<group>"; };
		7FB4EB051DA50C2B006FE178 /* LINELoginDemo.app */ = {isa = PBXFileReference; explicitFileType = wrapper.application; includeInIndex = 0; path = LINELoginDemo.app; sourceTree = BUILT_PRODUCTS_DIR; };
		7FB4EB091DA50C2B006FE178 /* main.m */ = {isa = PBXFileReference; lastKnownFileType = sourcecode.c.objc; path = main.m; sourceTree = "<group>"; };
		7FB4EB0B1DA50C2B006FE178 /* AppDelegate.h */ = {isa = PBXFileReference; lastKnownFileType = sourcecode.c.h; path = AppDelegate.h; sourceTree = "<group>"; };
		7FB4EB0C1DA50C2B006FE178 /* AppDelegate.m */ = {isa = PBXFileReference; lastKnownFileType = sourcecode.c.objc; path = AppDelegate.m; sourceTree = "<group>"; };
		7FB4EB0E1DA50C2B006FE178 /* LoginController.h */ = {isa = PBXFileReference; lastKnownFileType = sourcecode.c.h; path = LoginController.h; sourceTree = "<group>"; };
		7FB4EB0F1DA50C2B006FE178 /* LoginController.m */ = {isa = PBXFileReference; lastKnownFileType = sourcecode.c.objc; path = LoginController.m; sourceTree = "<group>"; };
		7FB4EB121DA50C2B006FE178 /* Base */ = {isa = PBXFileReference; lastKnownFileType = file.storyboard; name = Base; path = Base.lproj/Main.storyboard; sourceTree = "<group>"; };
		7FB4EB141DA50C2B006FE178 /* Assets.xcassets */ = {isa = PBXFileReference; lastKnownFileType = folder.assetcatalog; path = Assets.xcassets; sourceTree = "<group>"; };
		7FB4EB171DA50C2B006FE178 /* Base */ = {isa = PBXFileReference; lastKnownFileType = file.storyboard; name = Base; path = Base.lproj/LaunchScreen.storyboard; sourceTree = "<group>"; };
		7FB4EB191DA50C2B006FE178 /* Info.plist */ = {isa = PBXFileReference; lastKnownFileType = text.plist.xml; path = Info.plist; sourceTree = "<group>"; };
		7FB4EB1F1DA50D1B006FE178 /* GoogleService-Info.plist */ = {isa = PBXFileReference; fileEncoding = 4; lastKnownFileType = text.plist.xml; path = "GoogleService-Info.plist"; sourceTree = "<group>"; };
		7FB4EB2A1DA50E78006FE178 /* CoreTelephony.framework */ = {isa = PBXFileReference; lastKnownFileType = wrapper.framework; name = CoreTelephony.framework; path = System/Library/Frameworks/CoreTelephony.framework; sourceTree = SDKROOT; };
		7FB4EB2C1DA50E80006FE178 /* CoreGraphics.framework */ = {isa = PBXFileReference; lastKnownFileType = wrapper.framework; name = CoreGraphics.framework; path = System/Library/Frameworks/CoreGraphics.framework; sourceTree = SDKROOT; };
		7FB4EB2E1DA50E8B006FE178 /* CoreText.framework */ = {isa = PBXFileReference; lastKnownFileType = wrapper.framework; name = CoreText.framework; path = System/Library/Frameworks/CoreText.framework; sourceTree = SDKROOT; };
		7FB4EB301DA50E92006FE178 /* Security.framework */ = {isa = PBXFileReference; lastKnownFileType = wrapper.framework; name = Security.framework; path = System/Library/Frameworks/Security.framework; sourceTree = SDKROOT; };
		7FB4EB321DA50FA2006FE178 /* LineAdapter.plist */ = {isa = PBXFileReference; fileEncoding = 4; lastKnownFileType = text.plist.xml; path = LineAdapter.plist; sourceTree = "<group>"; };
		7FB4EB341DA5E82A006FE178 /* LineAuthManager.h */ = {isa = PBXFileReference; fileEncoding = 4; lastKnownFileType = sourcecode.c.h; path = LineAuthManager.h; sourceTree = "<group>"; };
		7FB4EB351DA5E82A006FE178 /* LineAuthManager.m */ = {isa = PBXFileReference; fileEncoding = 4; lastKnownFileType = sourcecode.c.objc; path = LineAuthManager.m; sourceTree = "<group>"; };
		7FB4EB3A1DA630B3006FE178 /* Configs.h */ = {isa = PBXFileReference; lastKnownFileType = sourcecode.c.h; path = Configs.h; sourceTree = "<group>"; };
/* End PBXFileReference section */

/* Begin PBXFrameworksBuildPhase section */
		7FB4EB021DA50C2B006FE178 /* Frameworks */ = {
			isa = PBXFrameworksBuildPhase;
			buildActionMask = 2147483647;
			files = (
				7FB4EB311DA50E92006FE178 /* Security.framework in Frameworks */,
				7FB4EB2F1DA50E8B006FE178 /* CoreText.framework in Frameworks */,
				7FB4EB2D1DA50E80006FE178 /* CoreGraphics.framework in Frameworks */,
				7F2E1FC21DACE6F80017BDDF /* LineAdapter.framework in Frameworks */,
				7FB4EB2B1DA50E78006FE178 /* CoreTelephony.framework in Frameworks */,
				CF06DB0FF96BA85947654D53 /* libPods-LINELoginDemo.a in Frameworks */,
			);
			runOnlyForDeploymentPostprocessing = 0;
		};
/* End PBXFrameworksBuildPhase section */

/* Begin PBXGroup section */
		7D3B7548352621E0E20F5EA9 /* Frameworks */ = {
			isa = PBXGroup;
			children = (
				7FB4EB301DA50E92006FE178 /* Security.framework */,
				7FB4EB2E1DA50E8B006FE178 /* CoreText.framework */,
				7FB4EB2C1DA50E80006FE178 /* CoreGraphics.framework */,
				7FB4EB2A1DA50E78006FE178 /* CoreTelephony.framework */,
				03B2DB32486DA3B98C85234E /* libPods-LINELoginDemo.a */,
			);
			name = Frameworks;
			sourceTree = "<group>";
		};
		7FB4EAFC1DA50C2B006FE178 = {
			isa = PBXGroup;
			children = (
				7FB4EB071DA50C2B006FE178 /* LINELoginDemo */,
				7FB4EB061DA50C2B006FE178 /* Products */,
				E5D7A185DAC381B02627081B /* Pods */,
				7D3B7548352621E0E20F5EA9 /* Frameworks */,
			);
			sourceTree = "<group>";
		};
		7FB4EB061DA50C2B006FE178 /* Products */ = {
			isa = PBXGroup;
			children = (
				7FB4EB051DA50C2B006FE178 /* LINELoginDemo.app */,
			);
			name = Products;
			sourceTree = "<group>";
		};
		7FB4EB071DA50C2B006FE178 /* LINELoginDemo */ = {
			isa = PBXGroup;
			children = (
				7FB4EB0B1DA50C2B006FE178 /* AppDelegate.h */,
				7FB4EB0C1DA50C2B006FE178 /* AppDelegate.m */,
				7FB4EB0E1DA50C2B006FE178 /* LoginController.h */,
				7FB4EB0F1DA50C2B006FE178 /* LoginController.m */,
				7FB4EB341DA5E82A006FE178 /* LineAuthManager.h */,
				7FB4EB351DA5E82A006FE178 /* LineAuthManager.m */,
				7F1373831DA79F2800757535 /* HUDView.h */,
				7F1373841DA79F2800757535 /* HUDView.m */,
				7FB4EB111DA50C2B006FE178 /* Main.storyboard */,
				7FB4EB141DA50C2B006FE178 /* Assets.xcassets */,
				7FB4EB161DA50C2B006FE178 /* LaunchScreen.storyboard */,
				7FB4EB391DA630A5006FE178 /* Configs */,
				7FB4EB291DA50DFE006FE178 /* LineAdapter */,
				7FB4EB081DA50C2B006FE178 /* Supporting Files */,
			);
			path = LINELoginDemo;
			sourceTree = "<group>";
		};
		7FB4EB081DA50C2B006FE178 /* Supporting Files */ = {
			isa = PBXGroup;
			children = (
				7FB4EB091DA50C2B006FE178 /* main.m */,
				7FB4EB191DA50C2B006FE178 /* Info.plist */,
			);
			name = "Supporting Files";
			sourceTree = "<group>";
		};
		7FB4EB291DA50DFE006FE178 /* LineAdapter */ = {
			isa = PBXGroup;
			children = (
				7F2E1FC01DACE6F80017BDDF /* LineAdapter.framework */,
				7F2E1FC11DACE6F80017BDDF /* LineAdapterUI.bundle */,
			);
			name = LineAdapter;
			sourceTree = "<group>";
		};
		7FB4EB391DA630A5006FE178 /* Configs */ = {
			isa = PBXGroup;
			children = (
				7FB4EB3A1DA630B3006FE178 /* Configs.h */,
				7FB4EB1F1DA50D1B006FE178 /* GoogleService-Info.plist */,
				7FB4EB321DA50FA2006FE178 /* LineAdapter.plist */,
			);
			name = Configs;
			sourceTree = "<group>";
		};
		E5D7A185DAC381B02627081B /* Pods */ = {
			isa = PBXGroup;
			children = (
				47FE9708EF09B75A4E688C81 /* Pods-LINELoginDemo.debug.xcconfig */,
				1BECA307BF281B64C25354A0 /* Pods-LINELoginDemo.release.xcconfig */,
			);
			name = Pods;
			sourceTree = "<group>";
		};
/* End PBXGroup section */

/* Begin PBXNativeTarget section */
		7FB4EB041DA50C2B006FE178 /* LINELoginDemo */ = {
			isa = PBXNativeTarget;
			buildConfigurationList = 7FB4EB1C1DA50C2B006FE178 /* Build configuration list for PBXNativeTarget "LINELoginDemo" */;
			buildPhases = (
				D12D9C5AD3FF3B1866BA28C6 /* [CP] Check Pods Manifest.lock */,
				7FB4EB011DA50C2B006FE178 /* Sources */,
				7FB4EB021DA50C2B006FE178 /* Frameworks */,
				7FB4EB031DA50C2B006FE178 /* Resources */,
				E59DDBD5F8ABB7CD5602FD25 /* [CP] Embed Pods Frameworks */,
				EC0FEF9FAF1FB5F5E41D5AF8 /* [CP] Copy Pods Resources */,
			);
			buildRules = (
			);
			dependencies = (
			);
			name = LINELoginDemo;
			productName = LINELoginDemo;
			productReference = 7FB4EB051DA50C2B006FE178 /* LINELoginDemo.app */;
			productType = "com.apple.product-type.application";
		};
/* End PBXNativeTarget section */

/* Begin PBXProject section */
		7FB4EAFD1DA50C2B006FE178 /* Project object */ = {
			isa = PBXProject;
			attributes = {
				LastUpgradeCheck = 0800;
				ORGANIZATIONNAME = "Google Inc.";
				TargetAttributes = {
					7FB4EB041DA50C2B006FE178 = {
						CreatedOnToolsVersion = 8.0;
						DevelopmentTeam = PNR9X9TVFG;
						ProvisioningStyle = Automatic;
					};
				};
			};
			buildConfigurationList = 7FB4EB001DA50C2B006FE178 /* Build configuration list for PBXProject "LINELoginDemo" */;
			compatibilityVersion = "Xcode 3.2";
			developmentRegion = English;
			hasScannedForEncodings = 0;
			knownRegions = (
				en,
				Base,
			);
			mainGroup = 7FB4EAFC1DA50C2B006FE178;
			productRefGroup = 7FB4EB061DA50C2B006FE178 /* Products */;
			projectDirPath = "";
			projectRoot = "";
			targets = (
				7FB4EB041DA50C2B006FE178 /* LINELoginDemo */,
			);
		};
/* End PBXProject section */

/* Begin PBXResourcesBuildPhase section */
		7FB4EB031DA50C2B006FE178 /* Resources */ = {
			isa = PBXResourcesBuildPhase;
			buildActionMask = 2147483647;
			files = (
				7FB4EB181DA50C2B006FE178 /* LaunchScreen.storyboard in Resources */,
				7FB4EB371DA6304A006FE178 /* LineAdapter.plist in Resources */,
				7F2E1FC31DACE6F80017BDDF /* LineAdapterUI.bundle in Resources */,
				7FB4EB151DA50C2B006FE178 /* Assets.xcassets in Resources */,
				7FB4EB131DA50C2B006FE178 /* Main.storyboard in Resources */,
				7FB4EB3C1DA63390006FE178 /* GoogleService-Info.plist in Resources */,
			);
			runOnlyForDeploymentPostprocessing = 0;
		};
/* End PBXResourcesBuildPhase section */

/* Begin PBXShellScriptBuildPhase section */
		D12D9C5AD3FF3B1866BA28C6 /* [CP] Check Pods Manifest.lock */ = {
			isa = PBXShellScriptBuildPhase;
			buildActionMask = 2147483647;
			files = (
			);
			inputPaths = (
			);
			name = "[CP] Check Pods Manifest.lock";
			outputPaths = (
			);
			runOnlyForDeploymentPostprocessing = 0;
			shellPath = /bin/sh;
			shellScript = "diff \"${PODS_ROOT}/../Podfile.lock\" \"${PODS_ROOT}/Manifest.lock\" > /dev/null\nif [ $? != 0 ] ; then\n    # print error to STDERR\n    echo \"error: The sandbox is not in sync with the Podfile.lock. Run 'pod install' or update your CocoaPods installation.\" >&2\n    exit 1\nfi\n";
			showEnvVarsInLog = 0;
		};
		E59DDBD5F8ABB7CD5602FD25 /* [CP] Embed Pods Frameworks */ = {
			isa = PBXShellScriptBuildPhase;
			buildActionMask = 2147483647;
			files = (
			);
			inputPaths = (
			);
			name = "[CP] Embed Pods Frameworks";
			outputPaths = (
			);
			runOnlyForDeploymentPostprocessing = 0;
			shellPath = /bin/sh;
			shellScript = "\"${SRCROOT}/Pods/Target Support Files/Pods-LINELoginDemo/Pods-LINELoginDemo-frameworks.sh\"\n";
			showEnvVarsInLog = 0;
		};
		EC0FEF9FAF1FB5F5E41D5AF8 /* [CP] Copy Pods Resources */ = {
			isa = PBXShellScriptBuildPhase;
			buildActionMask = 2147483647;
			files = (
			);
			inputPaths = (
			);
			name = "[CP] Copy Pods Resources";
			outputPaths = (
			);
			runOnlyForDeploymentPostprocessing = 0;
			shellPath = /bin/sh;
			shellScript = "\"${SRCROOT}/Pods/Target Support Files/Pods-LINELoginDemo/Pods-LINELoginDemo-resources.sh\"\n";
			showEnvVarsInLog = 0;
		};
/* End PBXShellScriptBuildPhase section */

/* Begin PBXSourcesBuildPhase section */
		7FB4EB011DA50C2B006FE178 /* Sources */ = {
			isa = PBXSourcesBuildPhase;
			buildActionMask = 2147483647;
			files = (
				7F1373851DA79F2800757535 /* HUDView.m in Sources */,
				7FB4EB3B1DA63375006FE178 /* AppDelegate.m in Sources */,
				7FB4EB361DA5E82A006FE178 /* LineAuthManager.m in Sources */,
				7FB4EB101DA50C2B006FE178 /* LoginController.m in Sources */,
				7FB4EB0A1DA50C2B006FE178 /* main.m in Sources */,
			);
			runOnlyForDeploymentPostprocessing = 0;
		};
/* End PBXSourcesBuildPhase section */

/* Begin PBXVariantGroup section */
		7FB4EB111DA50C2B006FE178 /* Main.storyboard */ = {
			isa = PBXVariantGroup;
			children = (
				7FB4EB121DA50C2B006FE178 /* Base */,
			);
			name = Main.storyboard;
			sourceTree = "<group>";
		};
		7FB4EB161DA50C2B006FE178 /* LaunchScreen.storyboard */ = {
			isa = PBXVariantGroup;
			children = (
				7FB4EB171DA50C2B006FE178 /* Base */,
			);
			name = LaunchScreen.storyboard;
			sourceTree = "<group>";
		};
/* End PBXVariantGroup section */

/* Begin XCBuildConfiguration section */
		7FB4EB1A1DA50C2B006FE178 /* Debug */ = {
			isa = XCBuildConfiguration;
			buildSettings = {
				ALWAYS_SEARCH_USER_PATHS = NO;
				CLANG_ANALYZER_NONNULL = YES;
				CLANG_CXX_LANGUAGE_STANDARD = "gnu++0x";
				CLANG_CXX_LIBRARY = "libc++";
				CLANG_ENABLE_MODULES = YES;
				CLANG_ENABLE_OBJC_ARC = YES;
				CLANG_WARN_BOOL_CONVERSION = YES;
				CLANG_WARN_CONSTANT_CONVERSION = YES;
				CLANG_WARN_DIRECT_OBJC_ISA_USAGE = YES_ERROR;
				CLANG_WARN_DOCUMENTATION_COMMENTS = YES;
				CLANG_WARN_EMPTY_BODY = YES;
				CLANG_WARN_ENUM_CONVERSION = YES;
				CLANG_WARN_INFINITE_RECURSION = YES;
				CLANG_WARN_INT_CONVERSION = YES;
				CLANG_WARN_OBJC_ROOT_CLASS = YES_ERROR;
				CLANG_WARN_SUSPICIOUS_MOVE = YES;
				CLANG_WARN_SUSPICIOUS_MOVES = YES;
				CLANG_WARN_UNREACHABLE_CODE = YES;
				CLANG_WARN__DUPLICATE_METHOD_MATCH = YES;
				"CODE_SIGN_IDENTITY[sdk=iphoneos*]" = "iPhone Developer";
				COPY_PHASE_STRIP = NO;
				DEBUG_INFORMATION_FORMAT = dwarf;
				ENABLE_STRICT_OBJC_MSGSEND = YES;
				ENABLE_TESTABILITY = YES;
				GCC_C_LANGUAGE_STANDARD = gnu99;
				GCC_DYNAMIC_NO_PIC = NO;
				GCC_NO_COMMON_BLOCKS = YES;
				GCC_OPTIMIZATION_LEVEL = 0;
				GCC_PREPROCESSOR_DEFINITIONS = (
					"DEBUG=1",
					"$(inherited)",
				);
				GCC_WARN_64_TO_32_BIT_CONVERSION = YES;
				GCC_WARN_ABOUT_RETURN_TYPE = YES_ERROR;
				GCC_WARN_UNDECLARED_SELECTOR = YES;
				GCC_WARN_UNINITIALIZED_AUTOS = YES_AGGRESSIVE;
				GCC_WARN_UNUSED_FUNCTION = YES;
				GCC_WARN_UNUSED_VARIABLE = YES;
				IPHONEOS_DEPLOYMENT_TARGET = 8.0;
				MTL_ENABLE_DEBUG_INFO = YES;
				ONLY_ACTIVE_ARCH = YES;
				SDKROOT = iphoneos;
				TARGETED_DEVICE_FAMILY = "1,2";
			};
			name = Debug;
		};
		7FB4EB1B1DA50C2B006FE178 /* Release */ = {
			isa = XCBuildConfiguration;
			buildSettings = {
				ALWAYS_SEARCH_USER_PATHS = NO;
				CLANG_ANALYZER_NONNULL = YES;
				CLANG_CXX_LANGUAGE_STANDARD = "gnu++0x";
				CLANG_CXX_LIBRARY = "libc++";
				CLANG_ENABLE_MODULES = YES;
				CLANG_ENABLE_OBJC_ARC = YES;
				CLANG_WARN_BOOL_CONVERSION = YES;
				CLANG_WARN_CONSTANT_CONVERSION = YES;
				CLANG_WARN_DIRECT_OBJC_ISA_USAGE = YES_ERROR;
				CLANG_WARN_DOCUMENTATION_COMMENTS = YES;
				CLANG_WARN_EMPTY_BODY = YES;
				CLANG_WARN_ENUM_CONVERSION = YES;
				CLANG_WARN_INFINITE_RECURSION = YES;
				CLANG_WARN_INT_CONVERSION = YES;
				CLANG_WARN_OBJC_ROOT_CLASS = YES_ERROR;
				CLANG_WARN_SUSPICIOUS_MOVE = YES;
				CLANG_WARN_SUSPICIOUS_MOVES = YES;
				CLANG_WARN_UNREACHABLE_CODE = YES;
				CLANG_WARN__DUPLICATE_METHOD_MATCH = YES;
				"CODE_SIGN_IDENTITY[sdk=iphoneos*]" = "iPhone Developer";
				COPY_PHASE_STRIP = NO;
				DEBUG_INFORMATION_FORMAT = "dwarf-with-dsym";
				ENABLE_NS_ASSERTIONS = NO;
				ENABLE_STRICT_OBJC_MSGSEND = YES;
				GCC_C_LANGUAGE_STANDARD = gnu99;
				GCC_NO_COMMON_BLOCKS = YES;
				GCC_WARN_64_TO_32_BIT_CONVERSION = YES;
				GCC_WARN_ABOUT_RETURN_TYPE = YES_ERROR;
				GCC_WARN_UNDECLARED_SELECTOR = YES;
				GCC_WARN_UNINITIALIZED_AUTOS = YES_AGGRESSIVE;
				GCC_WARN_UNUSED_FUNCTION = YES;
				GCC_WARN_UNUSED_VARIABLE = YES;
				IPHONEOS_DEPLOYMENT_TARGET = 8.0;
				MTL_ENABLE_DEBUG_INFO = NO;
				SDKROOT = iphoneos;
				TARGETED_DEVICE_FAMILY = "1,2";
				VALIDATE_PRODUCT = YES;
			};
			name = Release;
		};
		7FB4EB1D1DA50C2B006FE178 /* Debug */ = {
			isa = XCBuildConfiguration;
			baseConfigurationReference = 47FE9708EF09B75A4E688C81 /* Pods-LINELoginDemo.debug.xcconfig */;
			buildSettings = {
				ASSETCATALOG_COMPILER_APPICON_NAME = AppIcon;
				DEVELOPMENT_TEAM = PNR9X9TVFG;
				FRAMEWORK_SEARCH_PATHS = (
					"$(inherited)",
					"$(PROJECT_DIR)/LINELoginDemo",
				);
				INFOPLIST_FILE = LINELoginDemo/Info.plist;
				IPHONEOS_DEPLOYMENT_TARGET = 8.0;
				LD_RUNPATH_SEARCH_PATHS = "$(inherited) @executable_path/Frameworks";
				PRODUCT_BUNDLE_IDENTIFIER = com.google.firebase.LINELoginDemo;
				PRODUCT_NAME = "$(TARGET_NAME)";
			};
			name = Debug;
		};
		7FB4EB1E1DA50C2B006FE178 /* Release */ = {
			isa = XCBuildConfiguration;
			baseConfigurationReference = 1BECA307BF281B64C25354A0 /* Pods-LINELoginDemo.release.xcconfig */;
			buildSettings = {
				ASSETCATALOG_COMPILER_APPICON_NAME = AppIcon;
				DEVELOPMENT_TEAM = PNR9X9TVFG;
				FRAMEWORK_SEARCH_PATHS = (
					"$(inherited)",
					"$(PROJECT_DIR)/LINELoginDemo",
				);
				INFOPLIST_FILE = LINELoginDemo/Info.plist;
				IPHONEOS_DEPLOYMENT_TARGET = 8.0;
				LD_RUNPATH_SEARCH_PATHS = "$(inherited) @executable_path/Frameworks";
				PRODUCT_BUNDLE_IDENTIFIER = com.google.firebase.LINELoginDemo;
				PRODUCT_NAME = "$(TARGET_NAME)";
			};
			name = Release;
		};
/* End XCBuildConfiguration section */

/* Begin XCConfigurationList section */
		7FB4EB001DA50C2B006FE178 /* Build configuration list for PBXProject "LINELoginDemo" */ = {
			isa = XCConfigurationList;
			buildConfigurations = (
				7FB4EB1A1DA50C2B006FE178 /* Debug */,
				7FB4EB1B1DA50C2B006FE178 /* Release */,
			);
			defaultConfigurationIsVisible = 0;
			defaultConfigurationName = Release;
		};
		7FB4EB1C1DA50C2B006FE178 /* Build configuration list for PBXNativeTarget "LINELoginDemo" */ = {
			isa = XCConfigurationList;
			buildConfigurations = (
				7FB4EB1D1DA50C2B006FE178 /* Debug */,
				7FB4EB1E1DA50C2B006FE178 /* Release */,
			);
			defaultConfigurationIsVisible = 0;
			defaultConfigurationName = Release;
		};
/* End XCConfigurationList section */
	};
	rootObject = 7FB4EAFD1DA50C2B006FE178 /* Project object */;
}
