# THIS IS AN AUTOGENERATED FILE. DO NOT EDIT THIS FILE DIRECTLY.
# yarn lockfile v1


"@types/express-serve-static-core@*":
  version "4.0.45"
  resolved "https://registry.yarnpkg.com/@types/express-serve-static-core/-/express-serve-static-core-4.0.45.tgz#71bb1f87d7187482d0d8851f5b294458e1c78667"
  dependencies:
    "@types/node" "*"

"@types/express@^4.0.33":
  version "4.0.35"
  resolved "https://registry.yarnpkg.com/@types/express/-/express-4.0.35.tgz#6267c7b60a51fac473467b3c4a02cd1e441805fe"
  dependencies:
    "@types/express-serve-static-core" "*"
    "@types/serve-static" "*"

"@types/jsonwebtoken@^7.1.32", "@types/jsonwebtoken@^7.1.33":
  version "7.2.0"
  resolved "https://registry.yarnpkg.com/@types/jsonwebtoken/-/jsonwebtoken-7.2.0.tgz#0fed32c8501da80ac9839d2d403a65c83d776ffd"
  dependencies:
    "@types/node" "*"

"@types/lodash@^4.14.34":
  version "4.14.64"
  resolved "https://registry.yarnpkg.com/@types/lodash/-/lodash-4.14.64.tgz#979cf3a3d4a368670840bf9b3e448dc33ffe84ee"

"@types/mime@*":
  version "0.0.29"
  resolved "https://registry.yarnpkg.com/@types/mime/-/mime-0.0.29.tgz#fbcfd330573b912ef59eeee14602bface630754b"

"@types/node@*":
  version "7.0.22"
  resolved "https://registry.yarnpkg.com/@types/node/-/node-7.0.22.tgz#4593f4d828bdd612929478ea40c67b4f403ca255"

"@types/serve-static@*":
  version "1.7.31"
  resolved "https://registry.yarnpkg.com/@types/serve-static/-/serve-static-1.7.31.tgz#15456de8d98d6b4cff31be6c6af7492ae63f521a"
  dependencies:
    "@types/express-serve-static-core" "*"
    "@types/mime" "*"

"@types/sha1@^1.1.0":
  version "1.1.0"
  resolved "https://registry.yarnpkg.com/@types/sha1/-/sha1-1.1.0.tgz#461eb18906d25e8d07c4678a0ed4f9ca07e46dd9"
  dependencies:
    "@types/node" "*"

accepts@~1.3.3:
  version "1.3.3"
  resolved "https://registry.yarnpkg.com/accepts/-/accepts-1.3.3.tgz#c3ca7434938648c3e0d9c1e328dd68b622c284ca"
  dependencies:
    mime-types "~2.1.11"
    negotiator "0.6.1"

array-flatten@1.1.1:
  version "1.1.1"
  resolved "https://registry.yarnpkg.com/array-flatten/-/array-flatten-1.1.1.tgz#9a5f699051b1e7073328f2a008968b64ea2955d2"

base64url@2.0.0, base64url@^2.0.0:
  version "2.0.0"
  resolved "https://registry.yarnpkg.com/base64url/-/base64url-2.0.0.tgz#eac16e03ea1438eff9423d69baa36262ed1f70bb"

buffer-equal-constant-time@1.0.1:
  version "1.0.1"
  resolved "https://registry.yarnpkg.com/buffer-equal-constant-time/-/buffer-equal-constant-time-1.0.1.tgz#f8e71132f7ffe6e01a5c9697a4c6f3e48d5cc819"

"charenc@>= 0.0.1":
  version "0.0.2"
  resolved "https://registry.yarnpkg.com/charenc/-/charenc-0.0.2.tgz#c0a1d2f3a7092e03774bfa83f14c0fc5790a8667"

content-disposition@0.5.2:
  version "0.5.2"
  resolved "https://registry.yarnpkg.com/content-disposition/-/content-disposition-0.5.2.tgz#0cf68bb9ddf5f2be7961c3a85178cb85dba78cb4"

content-type@~1.0.2:
  version "1.0.2"
  resolved "https://registry.yarnpkg.com/content-type/-/content-type-1.0.2.tgz#b7d113aee7a8dd27bd21133c4dc2529df1721eed"

cookie-signature@1.0.6:
  version "1.0.6"
  resolved "https://registry.yarnpkg.com/cookie-signature/-/cookie-signature-1.0.6.tgz#e303a882b342cc3ee8ca513a79999734dab3ae2c"

cookie@0.3.1:
  version "0.3.1"
  resolved "https://registry.yarnpkg.com/cookie/-/cookie-0.3.1.tgz#e7e0a1f9ef43b4c8ba925c5c5a96e806d16873bb"

"crypt@>= 0.0.1":
  version "0.0.2"
  resolved "https://registry.yarnpkg.com/crypt/-/crypt-0.0.2.tgz#88d7ff7ec0dfb86f713dc87bbb42d044d3e6c41b"

debug@2.6.7:
  version "2.6.7"
  resolved "https://registry.yarnpkg.com/debug/-/debug-2.6.7.tgz#92bad1f6d05bbb6bba22cca88bcd0ec894c2861e"
  dependencies:
    ms "2.0.0"

depd@1.1.0, depd@~1.1.0:
  version "1.1.0"
  resolved "https://registry.yarnpkg.com/depd/-/depd-1.1.0.tgz#e1bd82c6aab6ced965b97b88b17ed3e528ca18c3"

destroy@~1.0.4:
  version "1.0.4"
  resolved "https://registry.yarnpkg.com/destroy/-/destroy-1.0.4.tgz#978857442c44749e4206613e37946205826abd80"

ecdsa-sig-formatter@1.0.9:
  version "1.0.9"
  resolved "https://registry.yarnpkg.com/ecdsa-sig-formatter/-/ecdsa-sig-formatter-1.0.9.tgz#4bc926274ec3b5abb5016e7e1d60921ac262b2a1"
  dependencies:
    base64url "^2.0.0"
    safe-buffer "^5.0.1"

ee-first@1.1.1:
  version "1.1.1"
  resolved "https://registry.yarnpkg.com/ee-first/-/ee-first-1.1.1.tgz#590c61156b0ae2f4f0255732a158b266bc56b21d"

encodeurl@~1.0.1:
  version "1.0.1"
  resolved "https://registry.yarnpkg.com/encodeurl/-/encodeurl-1.0.1.tgz#79e3d58655346909fe6f0f45a5de68103b294d20"

escape-html@~1.0.3:
  version "1.0.3"
  resolved "https://registry.yarnpkg.com/escape-html/-/escape-html-1.0.3.tgz#0258eae4d3d0c0974de1c169188ef0051d1d1988"

etag@~1.8.0:
  version "1.8.0"
  resolved "https://registry.yarnpkg.com/etag/-/etag-1.8.0.tgz#6f631aef336d6c46362b51764044ce216be3c051"

express@^4.0.33:
  version "4.15.3"
  resolved "https://registry.yarnpkg.com/express/-/express-4.15.3.tgz#bab65d0f03aa80c358408972fc700f916944b662"
  dependencies:
    accepts "~1.3.3"
    array-flatten "1.1.1"
    content-disposition "0.5.2"
    content-type "~1.0.2"
    cookie "0.3.1"
    cookie-signature "1.0.6"
    debug "2.6.7"
    depd "~1.1.0"
    encodeurl "~1.0.1"
    escape-html "~1.0.3"
    etag "~1.8.0"
    finalhandler "~1.0.3"
    fresh "0.5.0"
    merge-descriptors "1.0.1"
    methods "~1.1.2"
    on-finished "~2.3.0"
    parseurl "~1.3.1"
    path-to-regexp "0.1.7"
    proxy-addr "~1.1.4"
    qs "6.4.0"
    range-parser "~1.2.0"
    send "0.15.3"
    serve-static "1.12.3"
    setprototypeof "1.0.3"
    statuses "~1.3.1"
    type-is "~1.6.15"
    utils-merge "1.0.0"
    vary "~1.1.1"

faye-websocket@0.9.3:
  version "0.9.3"
  resolved "https://registry.yarnpkg.com/faye-websocket/-/faye-websocket-0.9.3.tgz#482a505b0df0ae626b969866d3bd740cdb962e83"
  dependencies:
    websocket-driver ">=0.5.1"

finalhandler@~1.0.3:
  version "1.0.3"
  resolved "https://registry.yarnpkg.com/finalhandler/-/finalhandler-1.0.3.tgz#ef47e77950e999780e86022a560e3217e0d0cc89"
  dependencies:
    debug "2.6.7"
    encodeurl "~1.0.1"
    escape-html "~1.0.3"
    on-finished "~2.3.0"
    parseurl "~1.3.1"
    statuses "~1.3.1"
    unpipe "~1.0.0"

firebase-admin@~4.2.1:
  version "4.2.1"
  resolved "https://registry.yarnpkg.com/firebase-admin/-/firebase-admin-4.2.1.tgz#91794bfc214ee21decc765d308411166a05c0b20"
  dependencies:
    "@types/jsonwebtoken" "^7.1.33"
    faye-websocket "0.9.3"
    jsonwebtoken "7.1.9"

firebase-functions@^0.5.7:
  version "0.5.7"
  resolved "https://registry.yarnpkg.com/firebase-functions/-/firebase-functions-0.5.7.tgz#e0310817a2aac3a657f1802b32949c2749c0ee22"
  dependencies:
    "@types/express" "^4.0.33"
    "@types/jsonwebtoken" "^7.1.32"
    "@types/lodash" "^4.14.34"
    "@types/sha1" "^1.1.0"
    express "^4.0.33"
    jsonwebtoken "^7.1.9"
    lodash "^4.6.1"
    sha1 "^1.1.1"

forwarded@~0.1.0:
  version "0.1.0"
  resolved "https://registry.yarnpkg.com/forwarded/-/forwarded-0.1.0.tgz#19ef9874c4ae1c297bcf078fde63a09b66a84363"

fresh@0.5.0:
  version "0.5.0"
  resolved "https://registry.yarnpkg.com/fresh/-/fresh-0.5.0.tgz#f474ca5e6a9246d6fd8e0953cfa9b9c805afa78e"

hoek@2.x.x:
  version "2.16.3"
  resolved "https://registry.yarnpkg.com/hoek/-/hoek-2.16.3.tgz#20bb7403d3cea398e91dc4710a8ff1b8274a25ed"

http-errors@~1.6.1:
  version "1.6.1"
  resolved "https://registry.yarnpkg.com/http-errors/-/http-errors-1.6.1.tgz#5f8b8ed98aca545656bf572997387f904a722257"
  dependencies:
    depd "1.1.0"
    inherits "2.0.3"
    setprototypeof "1.0.3"
    statuses ">= 1.3.1 < 2"

inherits@2.0.3:
  version "2.0.3"
  resolved "https://registry.yarnpkg.com/inherits/-/inherits-2.0.3.tgz#633c2c83e3da42a502f52466022480f4208261de"

ipaddr.js@1.3.0:
  version "1.3.0"
  resolved "https://registry.yarnpkg.com/ipaddr.js/-/ipaddr.js-1.3.0.tgz#1e03a52fdad83a8bbb2b25cbf4998b4cffcd3dec"

isemail@1.x.x:
  version "1.2.0"
  resolved "https://registry.yarnpkg.com/isemail/-/isemail-1.2.0.tgz#be03df8cc3e29de4d2c5df6501263f1fa4595e9a"

joi@^6.10.1:
  version "6.10.1"
  resolved "https://registry.yarnpkg.com/joi/-/joi-6.10.1.tgz#4d50c318079122000fe5f16af1ff8e1917b77e06"
  dependencies:
    hoek "2.x.x"
    isemail "1.x.x"
    moment "2.x.x"
    topo "1.x.x"

jsonwebtoken@7.1.9, jsonwebtoken@^7.1.9:
  version "7.1.9"
  resolved "https://registry.yarnpkg.com/jsonwebtoken/-/jsonwebtoken-7.1.9.tgz#847804e5258bec5a9499a8dc4a5e7a3bae08d58a"
  dependencies:
    joi "^6.10.1"
    jws "^3.1.3"
    lodash.once "^4.0.0"
    ms "^0.7.1"
    xtend "^4.0.1"

jwa@^1.1.4:
  version "1.1.5"
  resolved "https://registry.yarnpkg.com/jwa/-/jwa-1.1.5.tgz#a0552ce0220742cd52e153774a32905c30e756e5"
  dependencies:
    base64url "2.0.0"
    buffer-equal-constant-time "1.0.1"
    ecdsa-sig-formatter "1.0.9"
    safe-buffer "^5.0.1"

jws@^3.1.3:
  version "3.1.4"
  resolved "https://registry.yarnpkg.com/jws/-/jws-3.1.4.tgz#f9e8b9338e8a847277d6444b1464f61880e050a2"
  dependencies:
    base64url "^2.0.0"
    jwa "^1.1.4"
    safe-buffer "^5.0.1"

lodash.once@^4.0.0:
  version "4.1.1"
  resolved "https://registry.yarnpkg.com/lodash.once/-/lodash.once-4.1.1.tgz#0dd3971213c7c56df880977d504c88fb471a97ac"

lodash@^4.6.1:
  version "4.17.4"
  resolved "https://registry.yarnpkg.com/lodash/-/lodash-4.17.4.tgz#78203a4d1c328ae1d86dca6460e369b57f4055ae"

media-typer@0.3.0:
  version "0.3.0"
  resolved "https://registry.yarnpkg.com/media-typer/-/media-typer-0.3.0.tgz#8710d7af0aa626f8fffa1ce00168545263255748"

merge-descriptors@1.0.1:
  version "1.0.1"
  resolved "https://registry.yarnpkg.com/merge-descriptors/-/merge-descriptors-1.0.1.tgz#b00aaa556dd8b44568150ec9d1b953f3f90cbb61"

methods@~1.1.2:
  version "1.1.2"
  resolved "https://registry.yarnpkg.com/methods/-/methods-1.1.2.tgz#5529a4d67654134edcc5266656835b0f851afcee"

mime-db@~1.27.0:
  version "1.27.0"
  resolved "https://registry.yarnpkg.com/mime-db/-/mime-db-1.27.0.tgz#820f572296bbd20ec25ed55e5b5de869e5436eb1"

mime-types@~2.1.11, mime-types@~2.1.15:
  version "2.1.15"
  resolved "https://registry.yarnpkg.com/mime-types/-/mime-types-2.1.15.tgz#a4ebf5064094569237b8cf70046776d09fc92aed"
  dependencies:
    mime-db "~1.27.0"

mime@1.3.4:
  version "1.3.4"
  resolved "https://registry.yarnpkg.com/mime/-/mime-1.3.4.tgz#115f9e3b6b3daf2959983cb38f149a2d40eb5d53"

moment@2.x.x:
  version "2.18.1"
  resolved "https://registry.yarnpkg.com/moment/-/moment-2.18.1.tgz#c36193dd3ce1c2eed2adb7c802dbbc77a81b1c0f"

ms@2.0.0:
  version "2.0.0"
  resolved "https://registry.yarnpkg.com/ms/-/ms-2.0.0.tgz#5608aeadfc00be6c2901df5f9861788de0d597c8"

ms@^0.7.1:
  version "0.7.3"
  resolved "https://registry.yarnpkg.com/ms/-/ms-0.7.3.tgz#708155a5e44e33f5fd0fc53e81d0d40a91be1fff"

negotiator@0.6.1:
  version "0.6.1"
  resolved "https://registry.yarnpkg.com/negotiator/-/negotiator-0.6.1.tgz#2b327184e8992101177b28563fb5e7102acd0ca9"

on-finished@~2.3.0:
  version "2.3.0"
  resolved "https://registry.yarnpkg.com/on-finished/-/on-finished-2.3.0.tgz#20f1336481b083cd75337992a16971aa2d906947"
  dependencies:
    ee-first "1.1.1"

parseurl@~1.3.1:
  version "1.3.1"
  resolved "https://registry.yarnpkg.com/parseurl/-/parseurl-1.3.1.tgz#c8ab8c9223ba34888aa64a297b28853bec18da56"

path-to-regexp@0.1.7:
  version "0.1.7"
  resolved "https://registry.yarnpkg.com/path-to-regexp/-/path-to-regexp-0.1.7.tgz#df604178005f522f15eb4490e7247a1bfaa67f8c"

proxy-addr@~1.1.4:
  version "1.1.4"
  resolved "https://registry.yarnpkg.com/proxy-addr/-/proxy-addr-1.1.4.tgz#27e545f6960a44a627d9b44467e35c1b6b4ce2f3"
  dependencies:
    forwarded "~0.1.0"
    ipaddr.js "1.3.0"

qs@6.4.0:
  version "6.4.0"
  resolved "https://registry.yarnpkg.com/qs/-/qs-6.4.0.tgz#13e26d28ad6b0ffaa91312cd3bf708ed351e7233"

range-parser@~1.2.0:
  version "1.2.0"
  resolved "https://registry.yarnpkg.com/range-parser/-/range-parser-1.2.0.tgz#f49be6b487894ddc40dcc94a322f611092e00d5e"

safe-buffer@^5.0.1:
  version "5.0.1"
  resolved "https://registry.yarnpkg.com/safe-buffer/-/safe-buffer-5.0.1.tgz#d263ca54696cd8a306b5ca6551e92de57918fbe7"

send@0.15.3:
  version "0.15.3"
  resolved "https://registry.yarnpkg.com/send/-/send-0.15.3.tgz#5013f9f99023df50d1bd9892c19e3defd1d53309"
  dependencies:
    debug "2.6.7"
    depd "~1.1.0"
    destroy "~1.0.4"
    encodeurl "~1.0.1"
    escape-html "~1.0.3"
    etag "~1.8.0"
    fresh "0.5.0"
    http-errors "~1.6.1"
    mime "1.3.4"
    ms "2.0.0"
    on-finished "~2.3.0"
    range-parser "~1.2.0"
    statuses "~1.3.1"

serve-static@1.12.3:
  version "1.12.3"
  resolved "https://registry.yarnpkg.com/serve-static/-/serve-static-1.12.3.tgz#9f4ba19e2f3030c547f8af99107838ec38d5b1e2"
  dependencies:
    encodeurl "~1.0.1"
    escape-html "~1.0.3"
    parseurl "~1.3.1"
    send "0.15.3"

setprototypeof@1.0.3:
  version "1.0.3"
  resolved "https://registry.yarnpkg.com/setprototypeof/-/setprototypeof-1.0.3.tgz#66567e37043eeb4f04d91bd658c0cbefb55b8e04"

sha1@^1.1.1:
  version "1.1.1"
  resolved "https://registry.yarnpkg.com/sha1/-/sha1-1.1.1.tgz#addaa7a93168f393f19eb2b15091618e2700f848"
  dependencies:
    charenc ">= 0.0.1"
    crypt ">= 0.0.1"

"statuses@>= 1.3.1 < 2", statuses@~1.3.1:
  version "1.3.1"
  resolved "https://registry.yarnpkg.com/statuses/-/statuses-1.3.1.tgz#faf51b9eb74aaef3b3acf4ad5f61abf24cb7b93e"

topo@1.x.x:
  version "1.1.0"
  resolved "https://registry.yarnpkg.com/topo/-/topo-1.1.0.tgz#e9d751615d1bb87dc865db182fa1ca0a5ef536d5"
  dependencies:
    hoek "2.x.x"

type-is@~1.6.15:
  version "1.6.15"
  resolved "https://registry.yarnpkg.com/type-is/-/type-is-1.6.15.tgz#cab10fb4909e441c82842eafe1ad646c81804410"
  dependencies:
    media-typer "0.3.0"
    mime-types "~2.1.15"

typescript@^2.3.2:
  version "2.3.3"
  resolved "https://registry.yarnpkg.com/typescript/-/typescript-2.3.3.tgz#9639f3c3b40148e8ca97fe08a51dd1891bb6be22"

unpipe@~1.0.0:
  version "1.0.0"
  resolved "https://registry.yarnpkg.com/unpipe/-/unpipe-1.0.0.tgz#b2bf4ee8514aae6165b4817829d21b2ef49904ec"

utils-merge@1.0.0:
  version "1.0.0"
  resolved "https://registry.yarnpkg.com/utils-merge/-/utils-merge-1.0.0.tgz#0294fb922bb9375153541c4f7096231f287c8af8"

vary@~1.1.1:
  version "1.1.1"
  resolved "https://registry.yarnpkg.com/vary/-/vary-1.1.1.tgz#67535ebb694c1d52257457984665323f587e8d37"

websocket-driver@>=0.5.1:
  version "0.6.5"
  resolved "https://registry.yarnpkg.com/websocket-driver/-/websocket-driver-0.6.5.tgz#5cb2556ceb85f4373c6d8238aa691c8454e13a36"
  dependencies:
    websocket-extensions ">=0.1.1"

websocket-extensions@>=0.1.1:
  version "0.1.1"
  resolved "https://registry.yarnpkg.com/websocket-extensions/-/websocket-extensions-0.1.1.tgz#76899499c184b6ef754377c2dbb0cd6cb55d29e7"

xtend@^4.0.1:
  version "4.0.1"
  resolved "https://registry.yarnpkg.com/xtend/-/xtend-4.0.1.tgz#a5c6d532be656e23db820efb943a1f04998d63af"
