PODS:
  - Firebase/Auth (3.11.0):
    - Firebase/Core
    - FirebaseAuth (= 3.1.0)
  - Firebase/Core (3.11.0):
    - FirebaseAnalytics (= 3.6.0)
    - FirebaseCore (= 3.4.6)
  - FirebaseAnalytics (3.6.0):
    - FirebaseCore (~> 3.4)
    - FirebaseInstanceID (~> 1.0)
    - GoogleInterchangeUtilities (~> 1.2)
    - GoogleSymbolUtilities (~> 1.1)
    - GoogleToolboxForMac/NSData+zlib (~> 2.1)
  - FirebaseAuth (3.1.0):
    - FirebaseAnalytics (~> 3.6)
    - GoogleToolboxForMac/NSDictionary+URLArguments (~> 2.1)
    - GTMSessionFetcher/Core (~> 1.1)
  - FirebaseCore (3.4.6):
    - GoogleInterchangeUtilities (~> 1.2)
    - GoogleToolboxForMac/NSData+zlib (~> 2.1)
  - FirebaseInstanceID (1.0.8)
  - GoogleInterchangeUtilities (1.2.2):
    - GoogleSymbolUtilities (~> 1.1)
  - GoogleSymbolUtilities (1.1.2)
  - GoogleToolboxForMac/DebugUtils (2.1.0):
    - GoogleToolboxForMac/Defines (= 2.1.0)
  - GoogleToolboxForMac/Defines (2.1.0)
  - GoogleToolboxForMac/NSData+zlib (2.1.0):
    - GoogleToolboxForMac/Defines (= 2.1.0)
  - GoogleToolboxForMac/NSDictionary+URLArguments (2.1.0):
    - GoogleToolboxForMac/DebugUtils (= 2.1.0)
    - GoogleToolboxForMac/Defines (= 2.1.0)
    - GoogleToolboxForMac/NSString+URLArguments (= 2.1.0)
  - GoogleToolboxForMac/NSString+URLArguments (2.1.0)
  - GTMHTTPFetcher (2.0.0):
    - GTMHTTPFetcher/Fetcher (= 2.0.0)
    - GTMHTTPFetcher/Logging (= 2.0.0)
    - GTMHTTPFetcher/LogViewController (= 2.0.0)
    - GTMHTTPFetcher/MIME (= 2.0.0)
    - GTMHTTPFetcher/ResumableUpload (= 2.0.0)
    - GTMHTTPFetcher/Service (= 2.0.0)
  - GTMHTTPFetcher/Fetcher (2.0.0)
  - GTMHTTPFetcher/Logging (2.0.0):
    - GTMHTTPFetcher/Fetcher (= 2.0.0)
  - GTMHTTPFetcher/LogViewController (2.0.0):
    - GTMHTTPFetcher/Logging (= 2.0.0)
  - GTMHTTPFetcher/MIME (2.0.0):
    - GTMHTTPFetcher/Fetcher (= 2.0.0)
  - GTMHTTPFetcher/ResumableUpload (2.0.0):
    - GTMHTTPFetcher/Fetcher (= 2.0.0)
    - GTMHTTPFetcher/Service (= 2.0.0)
  - GTMHTTPFetcher/Service (2.0.0):
    - GTMHTTPFetcher/Fetcher (= 2.0.0)
  - GTMSessionFetcher/Core (1.1.7)

DEPENDENCIES:
  - Firebase/Auth (= 3.11.0)
  - GTMHTTPFetcher (= 2.0.0)

SPEC CHECKSUMS:
  Firebase: b8134e285eb33201115bc688bc5d7f112923bc1f
  FirebaseAnalytics: 9c67af0ebeb8d2146c9b4ea2616439affa947b58
  FirebaseAuth: b436e4ecebe068bf8e8c6e4e29de5756ffe7ee24
  FirebaseCore: 03da1cb32615569bbc2830a22f9ad753d9a02ef5
  FirebaseInstanceID: ba1e640935235e5fac39dfa816fe7660e72e1a8a
  GoogleInterchangeUtilities: d5bc4d88d5b661ab72f9d70c58d02ca8c27ad1f7
  GoogleSymbolUtilities: 631ee17048aa5e9ab133470d768ea997a5ef9b96
  GoogleToolboxForMac: 2b2596cbb7186865e98cadf2b1e262d851c2b168
  GTMHTTPFetcher: a14e4ce88b3387be1cf569c24f316c3a7faeb43c
  GTMSessionFetcher: a1f8ed39e4fe21c68957daed472c7afbcdf29166

PODFILE CHECKSUM: c3f2060a74b9f6b5079907937adf114627105760

COCOAPODS: 1.1.1
