# Generated by pub
# See https://dart.dev/tools/pub/glossary#lockfile
packages:
  _discoveryapis_commons:
    dependency: transitive
    description:
      name: _discoveryapis_commons
      sha256: "113c4100b90a5b70a983541782431b82168b3cae166ab130649c36eb3559d498"
      url: "https://pub.dev"
    source: hosted
    version: "1.0.7"
  _fe_analyzer_shared:
    dependency: transitive
    description:
      name: _fe_analyzer_shared
      sha256: a49d6cf99e8d8e7a8e93668d09ced0bbdb954d0b4fccc2f5f9241c6b87fad95c
      url: "https://pub.dev"
    source: hosted
    version: "99.0.0"
  analyzer:
    dependency: transitive
    description:
      name: analyzer
      sha256: "663efa951fb8a45e06f491223a604c93820598f20e6a99c25617a1576065e8b7"
      url: "https://pub.dev"
    source: hosted
    version: "12.1.0"
  args:
    dependency: transitive
    description:
      name: args
      sha256: d0481093c50b1da8910eb0bb301626d4d8eb7284aa739614d2b394ee09e3ea04
      url: "https://pub.dev"
    source: hosted
    version: "2.7.0"
  asn1lib:
    dependency: transitive
    description:
      name: asn1lib
      sha256: "9a8f69025044eb466b9b60ef3bc3ac99b4dc6c158ae9c56d25eeccf5bc56d024"
      url: "https://pub.dev"
    source: hosted
    version: "1.6.5"
  async:
    dependency: transitive
    description:
      name: async
      sha256: e2eb0491ba5ddb6177742d2da23904574082139b07c1e33b8503b9f46f3e1a37
      url: "https://pub.dev"
    source: hosted
    version: "2.13.1"
  build:
    dependency: transitive
    description:
      name: build
      sha256: aadd943f4f8cc946882c954c187e6115a84c98c81ad1d9c6cbf0895a8c85da9c
      url: "https://pub.dev"
    source: hosted
    version: "4.0.5"
  clock:
    dependency: transitive
    description:
      name: clock
      sha256: fddb70d9b5277016c77a80201021d40a2247104d9f4aa7bab7157b7e3f05b84b
      url: "https://pub.dev"
    source: hosted
    version: "1.1.2"
  collection:
    dependency: transitive
    description:
      name: collection
      sha256: "2f5709ae4d3d59dd8f7cd309b4e023046b57d8a6c82130785d2b0e5868084e76"
      url: "https://pub.dev"
    source: hosted
    version: "1.19.1"
  convert:
    dependency: transitive
    description:
      name: convert
      sha256: b30acd5944035672bc15c6b7a8b47d773e41e2f17de064350988c5d02adb1c68
      url: "https://pub.dev"
    source: hosted
    version: "3.1.2"
  crypto:
    dependency: transitive
    description:
      name: crypto
      sha256: c8ea0233063ba03258fbcf2ca4d6dadfefe14f02fab57702265467a19f27fadf
      url: "https://pub.dev"
    source: hosted
    version: "3.0.7"
  dart_jsonwebtoken:
    dependency: transitive
    description:
      name: dart_jsonwebtoken
      sha256: cb79ed79baa02b4f59a597bf365873cbd83f9bb15273d63f7803802d21717c7d
      url: "https://pub.dev"
    source: hosted
    version: "3.4.0"
  dart_style:
    dependency: transitive
    description:
      name: dart_style
      sha256: a4c1ccfee44c7e75ed80484071a5c142a385345e658fd8bd7c4b5c97e7198f98
      url: "https://pub.dev"
    source: hosted
    version: "3.1.8"
  equatable:
    dependency: transitive
    description:
      name: equatable
      sha256: "3e0141505477fd8ad55d6eb4e7776d3fe8430be8e497ccb1521370c3f21a3e2b"
      url: "https://pub.dev"
    source: hosted
    version: "2.0.8"
  ffi:
    dependency: transitive
    description:
      name: ffi
      sha256: "6d7fd89431262d8f3125e81b50d3847a091d846eafcd4fdb88dd06f36d705a45"
      url: "https://pub.dev"
    source: hosted
    version: "2.2.0"
  file:
    dependency: transitive
    description:
      name: file
      sha256: a3b4f84adafef897088c160faf7dfffb7696046cb13ae90b508c2cbc95d3b8d4
      url: "https://pub.dev"
    source: hosted
    version: "7.0.1"
  firebase_admin_sdk:
    dependency: transitive
    description:
      name: firebase_admin_sdk
      sha256: "3827a3b30f3e76e9502cafab6fb6be28b29c632e83475b6ce3f146b5e077baad"
      url: "https://pub.dev"
    source: hosted
    version: "0.5.1"
  firebase_functions:
    dependency: "direct main"
    description:
      name: firebase_functions
      sha256: c4e9cdcf8a5650223b20992be52517981f277c4e6d9a17c1077c9523a4d65e8f
      url: "https://pub.dev"
    source: hosted
    version: "0.5.1"
  fixnum:
    dependency: transitive
    description:
      name: fixnum
      sha256: b6dc7065e46c974bc7c5f143080a6764ec7a4be6da1285ececdc37be96de53be
      url: "https://pub.dev"
    source: hosted
    version: "1.1.1"
  glob:
    dependency: transitive
    description:
      name: glob
      sha256: c3f1ee72c96f8f78935e18aa8cecced9ab132419e8625dc187e1c2408efc20de
      url: "https://pub.dev"
    source: hosted
    version: "2.1.3"
  google_cloud:
    dependency: transitive
    description:
      name: google_cloud
      sha256: fbcde933b2d8600c3cdb2328f8f4c47628ec29a39e9cef85dee535c7868993c4
      url: "https://pub.dev"
    source: hosted
    version: "0.4.1"
  google_cloud_firestore:
    dependency: "direct main"
    description:
      name: google_cloud_firestore
      sha256: e9a788301ee25cef6ffa86046cb0e80b4974b4a72d23a25231e161587fd84c8c
      url: "https://pub.dev"
    source: hosted
    version: "0.5.1"
  google_cloud_protobuf:
    dependency: transitive
    description:
      name: google_cloud_protobuf
      sha256: "5564bfba335f7ca82fcc865f6f2c04b11fd175ec23cb0248f6e22579017e03d1"
      url: "https://pub.dev"
    source: hosted
    version: "0.5.0"
  google_cloud_rpc:
    dependency: transitive
    description:
      name: google_cloud_rpc
      sha256: "7eef0b8a77021d19aff96cefcb9356dde4187daac3ecec33d7017637b83cdb4d"
      url: "https://pub.dev"
    source: hosted
    version: "0.5.0"
  google_cloud_storage:
    dependency: transitive
    description:
      name: google_cloud_storage
      sha256: "8410cddc2c37b7ef81d154b3533a7d8cf22a175f519fe9ba4ee0d5a790ea3040"
      url: "https://pub.dev"
    source: hosted
    version: "0.6.1"
  google_identity_services_web:
    dependency: transitive
    description:
      name: google_identity_services_web
      sha256: "5d187c46dc59e02646e10fe82665fc3884a9b71bc1c90c2b8b749316d33ee454"
      url: "https://pub.dev"
    source: hosted
    version: "0.3.3+1"
  googleapis:
    dependency: transitive
    description:
      name: googleapis
      sha256: "62b5988f228b774448ebd99b53fe8069becb55840f1b28948bb84160373dc0b6"
      url: "https://pub.dev"
    source: hosted
    version: "16.0.0"
  googleapis_auth:
    dependency: transitive
    description:
      name: googleapis_auth
      sha256: "661738b763d3e524de69df53bf4e03943e4e01e98265cebcc6684871b06a5379"
      url: "https://pub.dev"
    source: hosted
    version: "2.3.0"
  http:
    dependency: transitive
    description:
      name: http
      sha256: "87721a4a50b19c7f1d49001e51409bddc46303966ce89a65af4f4e6004896412"
      url: "https://pub.dev"
    source: hosted
    version: "1.6.0"
  http_parser:
    dependency: transitive
    description:
      name: http_parser
      sha256: "178d74305e7866013777bab2c3d8726205dc5a4dd935297175b19a23a2e66571"
      url: "https://pub.dev"
    source: hosted
    version: "4.1.2"
  intl:
    dependency: transitive
    description:
      name: intl
      sha256: "3df61194eb431efc39c4ceba583b95633a403f46c9fd341e550ce0bfa50e9aa5"
      url: "https://pub.dev"
    source: hosted
    version: "0.20.2"
  io:
    dependency: transitive
    description:
      name: io
      sha256: dfd5a80599cf0165756e3181807ed3e77daf6dd4137caaad72d0b7931597650b
      url: "https://pub.dev"
    source: hosted
    version: "1.0.5"
  json_annotation:
    dependency: transitive
    description:
      name: json_annotation
      sha256: cb09e7dac6210041fad964ed7fbee004f14258b4eca4040f72d1234062ace4c8
      url: "https://pub.dev"
    source: hosted
    version: "4.11.0"
  lints:
    dependency: "direct dev"
    description:
      name: lints
      sha256: "12f842a479589fea194fe5c5a3095abc7be0c1f2ddfa9a0e76aed1dbd26a87df"
      url: "https://pub.dev"
    source: hosted
    version: "6.1.0"
  logging:
    dependency: transitive
    description:
      name: logging
      sha256: c8245ada5f1717ed44271ed1c26b8ce85ca3228fd2ffdb75468ab01979309d61
      url: "https://pub.dev"
    source: hosted
    version: "1.3.0"
  meta:
    dependency: transitive
    description:
      name: meta
      sha256: df0c643f44ad098eb37988027a8e2b2b5a031fd3977f06bbfd3a76637e8df739
      url: "https://pub.dev"
    source: hosted
    version: "1.18.2"
  package_config:
    dependency: transitive
    description:
      name: package_config
      sha256: f096c55ebb7deb7e384101542bfba8c52696c1b56fca2eb62827989ef2353bbc
      url: "https://pub.dev"
    source: hosted
    version: "2.2.0"
  path:
    dependency: transitive
    description:
      name: path
      sha256: "75cca69d1490965be98c73ceaea117e8a04dd21217b37b292c9ddbec0d955bc5"
      url: "https://pub.dev"
    source: hosted
    version: "1.9.1"
  pem:
    dependency: transitive
    description:
      name: pem
      sha256: e66b389cbb007fa5860d511f08ea604ea68e78afc4e1b543dc227a0f0ef4faf9
      url: "https://pub.dev"
    source: hosted
    version: "2.0.6"
  petitparser:
    dependency: transitive
    description:
      name: petitparser
      sha256: "91bd59303e9f769f108f8df05e371341b15d59e995e6806aefab827b58336675"
      url: "https://pub.dev"
    source: hosted
    version: "7.0.2"
  pointycastle:
    dependency: transitive
    description:
      name: pointycastle
      sha256: "92aa3841d083cc4b0f4709b5c74fd6409a3e6ba833ffc7dc6a8fee096366acf5"
      url: "https://pub.dev"
    source: hosted
    version: "4.0.0"
  protobuf:
    dependency: transitive
    description:
      name: protobuf
      sha256: "75ec242d22e950bdcc79ee38dd520ce4ee0bc491d7fadc4ea47694604d22bf06"
      url: "https://pub.dev"
    source: hosted
    version: "6.0.0"
  pub_semver:
    dependency: transitive
    description:
      name: pub_semver
      sha256: "5bfcf68ca79ef689f8990d1160781b4bad40a3bd5e5218ad4076ddb7f4081585"
      url: "https://pub.dev"
    source: hosted
    version: "2.2.0"
  shared:
    dependency: "direct main"
    description:
      path: "../packages/shared"
      relative: true
    source: path
    version: "1.0.0"
  shelf:
    dependency: transitive
    description:
      name: shelf
      sha256: e7dd780a7ffb623c57850b33f43309312fc863fb6aa3d276a754bb299839ef12
      url: "https://pub.dev"
    source: hosted
    version: "1.4.2"
  source_gen:
    dependency: transitive
    description:
      name: source_gen
      sha256: "732792cfd197d2161a65bb029606a46e0a18ff30ef9e141a7a82172b05ea8ecd"
      url: "https://pub.dev"
    source: hosted
    version: "4.2.2"
  source_span:
    dependency: transitive
    description:
      name: source_span
      sha256: "56a02f1f4cd1a2d96303c0144c93bd6d909eea6bee6bf5a0e0b685edbd4c47ab"
      url: "https://pub.dev"
    source: hosted
    version: "1.10.2"
  stack_trace:
    dependency: transitive
    description:
      name: stack_trace
      sha256: "8b27215b45d22309b5cddda1aa2b19bdfec9df0e765f2de506401c071d38d1b1"
      url: "https://pub.dev"
    source: hosted
    version: "1.12.1"
  stream_channel:
    dependency: transitive
    description:
      name: stream_channel
      sha256: "969e04c80b8bcdf826f8f16579c7b14d780458bd97f56d107d3950fdbeef059d"
      url: "https://pub.dev"
    source: hosted
    version: "2.1.4"
  string_scanner:
    dependency: transitive
    description:
      name: string_scanner
      sha256: "921cd31725b72fe181906c6a94d987c78e3b98c2e205b397ea399d4054872b43"
      url: "https://pub.dev"
    source: hosted
    version: "1.4.1"
  term_glyph:
    dependency: transitive
    description:
      name: term_glyph
      sha256: "7f554798625ea768a7518313e58f83891c7f5024f88e46e7182a4558850a4b8e"
      url: "https://pub.dev"
    source: hosted
    version: "1.2.2"
  typed_data:
    dependency: transitive
    description:
      name: typed_data
      sha256: f9049c039ebfeb4cf7a7104a675823cd72dba8297f264b6637062516699fa006
      url: "https://pub.dev"
    source: hosted
    version: "1.4.0"
  watcher:
    dependency: transitive
    description:
      name: watcher
      sha256: "1398c9f081a753f9226febe8900fce8f7d0a67163334e1c94a2438339d79d635"
      url: "https://pub.dev"
    source: hosted
    version: "1.2.1"
  web:
    dependency: transitive
    description:
      name: web
      sha256: "868d88a33d8a87b18ffc05f9f030ba328ffefba92d6c127917a2ba740f9cfe4a"
      url: "https://pub.dev"
    source: hosted
    version: "1.1.1"
  yaml:
    dependency: transitive
    description:
      name: yaml
      sha256: b9da305ac7c39faa3f030eccd175340f968459dae4af175130b3fc47e40d76ce
      url: "https://pub.dev"
    source: hosted
    version: "3.1.3"
  yaml_edit:
    dependency: transitive
    description:
      name: yaml_edit
      sha256: "07c9e63ba42519745182b88ca12264a7ba2484d8239958778dfe4d44fe760488"
      url: "https://pub.dev"
    source: hosted
    version: "2.2.4"
sdks:
  dart: ">=3.11.0 <4.0.0"
